// !$*UTF8*$!
{
	archiveVersion = 1;
	classes = {
	};
	objectVersion = 46;
	objects = {

/* Begin PBXBuildFile section */
		D401A4061A530DC600CD5616 /* PCIDeviceStub.cpp in Sources */ = {isa = PBXBuildFile; fileRef = D401A4051A530DC600CD5616 /* PCIDeviceStub.cpp */; };
		D4096F861A52FCED005C037A /* FakePCIID.h in Headers */ = {isa = PBXBuildFile; fileRef = D4096F851A52FCED005C037A /* FakePCIID.h */; };
		D4096F881A52FCED005C037A /* FakePCIID.cpp in Sources */ = {isa = PBXBuildFile; fileRef = D4096F871A52FCED005C037A /* FakePCIID.cpp */; };
/* End PBXBuildFile section */

/* Begin PBXFileReference section */
		D401A4031A530B9800CD5616 /* PCIDeviceStub.h */ = {isa = PBXFileReference; lastKnownFileType = sourcecode.c.h; path = PCIDeviceStub.h; sourceTree = "<group>"; };
		D401A4051A530DC600CD5616 /* PCIDeviceStub.cpp */ = {isa = PBXFileReference; fileEncoding = 4; lastKnownFileType = sourcecode.cpp.cpp; path = PCIDeviceStub.cpp; sourceTree = "<group>"; };
		D4096F801A52FCED005C037A /* FakePCIID.kext */ = {isa = PBXFileReference; explicitFileType = wrapper.cfbundle; includeInIndex = 0; path = FakePCIID.kext; sourceTree = BUILT_PRODUCTS_DIR; };
		D4096F841A52FCED005C037A /* Info.plist */ = {isa = PBXFileReference; lastKnownFileType = text.plist.xml; path = Info.plist; sourceTree = "<group>"; };
		D4096F851A52FCED005C037A /* FakePCIID.h */ = {isa = PBXFileReference; lastKnownFileType = sourcecode.c.h; path = FakePCIID.h; sourceTree = "<group>"; };
		D4096F871A52FCED005C037A /* FakePCIID.cpp */ = {isa = PBXFileReference; lastKnownFileType = sourcecode.cpp.cpp; path = FakePCIID.cpp; sourceTree = "<group>"; };
/* End PBXFileReference section */

/* Begin PBXFrameworksBuildPhase section */
		D4096F7C1A52FCED005C037A /* Frameworks */ = {
			isa = PBXFrameworksBuildPhase;
			buildActionMask = 2147483647;
			files = (
			);
			runOnlyForDeploymentPostprocessing = 0;
		};
/* End PBXFrameworksBuildPhase section */

/* Begin PBXGroup section */
		D4096F761A52FCEC005C037A = {
			isa = PBXGroup;
			children = (
				D4096F821A52FCED005C037A /* FakePCIID */,
				D4096F811A52FCED005C037A /* Products */,
			);
			sourceTree = "<group>";
		};
		D4096F811A52FCED005C037A /* Products */ = {
			isa = PBXGroup;
			children = (
				D4096F801A52FCED005C037A /* FakePCIID.kext */,
			);
			name = Products;
			sourceTree = "<group>";
		};
		D4096F821A52FCED005C037A /* FakePCIID */ = {
			isa = PBXGroup;
			children = (
				D4096F851A52FCED005C037A /* FakePCIID.h */,
				D4096F871A52FCED005C037A /* FakePCIID.cpp */,
				D401A4031A530B9800CD5616 /* PCIDeviceStub.h */,
				D401A4051A530DC600CD5616 /* PCIDeviceStub.cpp */,
				D4096F831A52FCED005C037A /* Supporting Files */,
			);
			path = FakePCIID;
			sourceTree = "<group>";
		};
		D4096F831A52FCED005C037A /* Supporting Files */ = {
			isa = PBXGroup;
			children = (
				D4096F841A52FCED005C037A /* Info.plist */,
			);
			name = "Supporting Files";
			sourceTree = "<group>";
		};
/* End PBXGroup section */

/* Begin PBXHeadersBuildPhase section */
		D4096F7D1A52FCED005C037A /* Headers */ = {
			isa = PBXHeadersBuildPhase;
			buildActionMask = 2147483647;
			files = (
				D4096F861A52FCED005C037A /* FakePCIID.h in Headers */,
			);
			runOnlyForDeploymentPostprocessing = 0;
		};
/* End PBXHeadersBuildPhase section */

/* Begin PBXNativeTarget section */
		D4096F7F1A52FCED005C037A /* FakePCIID */ = {
			isa = PBXNativeTarget;
			buildConfigurationList = D4096F8B1A52FCED005C037A /* Build configuration list for PBXNativeTarget "FakePCIID" */;
			buildPhases = (
				D4096F7B1A52FCED005C037A /* Sources */,
				D4096F7C1A52FCED005C037A /* Frameworks */,
				D4096F7D1A52FCED005C037A /* Headers */,
				D4096F7E1A52FCED005C037A /* Resources */,
			);
			buildRules = (
			);
			dependencies = (
			);
			name = FakePCIID;
			productName = FakePCIID;
			productReference = D4096F801A52FCED005C037A /* FakePCIID.kext */;
			productType = "com.apple.product-type.kernel-extension";
		};
/* End PBXNativeTarget section */

/* Begin PBXProject section */
		D4096F771A52FCEC005C037A /* Project object */ = {
			isa = PBXProject;
			attributes = {
				LastUpgradeCheck = 0610;
				ORGANIZATIONNAME = "Rob van Oostenrijk";
				TargetAttributes = {
					D4096F7F1A52FCED005C037A = {
						CreatedOnToolsVersion = 6.1.1;
					};
				};
			};
			buildConfigurationList = D4096F7A1A52FCEC005C037A /* Build configuration list for PBXProject "FakePCIID" */;
			compatibilityVersion = "Xcode 3.2";
			developmentRegion = English;
			hasScannedForEncodings = 0;
			knownRegions = (
				en,
			);
			mainGroup = D4096F761A52FCEC005C037A;
			productRefGroup = D4096F811A52FCED005C037A /* Products */;
			projectDirPath = "";
			projectRoot = "";
			targets = (
				D4096F7F1A52FCED005C037A /* FakePCIID */,
			);
		};
/* End PBXProject section */

/* Begin PBXResourcesBuildPhase section */
		D4096F7E1A52FCED005C037A /* Resources */ = {
			isa = PBXResourcesBuildPhase;
			buildActionMask = 2147483647;
			files = (
			);
			runOnlyForDeploymentPostprocessing = 0;
		};
/* End PBXResourcesBuildPhase section */

/* Begin PBXSourcesBuildPhase section */
		D4096F7B1A52FCED005C037A /* Sources */ = {
			isa = PBXSourcesBuildPhase;
			buildActionMask = 2147483647;
			files = (
				D401A4061A530DC600CD5616 /* PCIDeviceStub.cpp in Sources */,
				D4096F881A52FCED005C037A /* FakePCIID.cpp in Sources */,
			);
			runOnlyForDeploymentPostprocessing = 0;
		};
/* End PBXSourcesBuildPhase section */

/* Begin XCBuildConfiguration section */
		D4096F891A52FCED005C037A /* Debug */ = {
			isa = XCBuildConfiguration;
			buildSettings = {
				CLANG_WARN_BOOL_CONVERSION = YES;
				CLANG_WARN_CONSTANT_CONVERSION = YES;
				CLANG_WARN_DIRECT_OBJC_ISA_USAGE = YES_ERROR;
				CLANG_WARN_EMPTY_BODY = YES;
				CLANG_WARN_ENUM_CONVERSION = YES;
				CLANG_WARN_INT_CONVERSION = YES;
				CLANG_WARN_OBJC_ROOT_CLASS = YES_ERROR;
				CLANG_WARN_UNREACHABLE_CODE = YES;
				CLANG_WARN__DUPLICATE_METHOD_MATCH = YES;
				COPY_PHASE_STRIP = NO;
				ENABLE_STRICT_OBJC_MSGSEND = YES;
				GCC_DYNAMIC_NO_PIC = NO;
				GCC_OPTIMIZATION_LEVEL = 0;
				GCC_PREPROCESSOR_DEFINITIONS = (
					"DEBUG=1",
					"$(inherited)",
				);
				GCC_SYMBOLS_PRIVATE_EXTERN = NO;
				GCC_WARN_64_TO_32_BIT_CONVERSION = YES;
				GCC_WARN_ABOUT_RETURN_TYPE = YES_ERROR;
				GCC_WARN_UNDECLARED_SELECTOR = YES;
				GCC_WARN_UNINITIALIZED_AUTOS = YES_AGGRESSIVE;
				GCC_WARN_UNUSED_FUNCTION = YES;
				GCC_WARN_UNUSED_VARIABLE = YES;
				MACOSX_DEPLOYMENT_TARGET = 10.6;
				MTL_ENABLE_DEBUG_INFO = YES;
				ONLY_ACTIVE_ARCH = YES;
				SDKROOT = macosx10.6;
				SYMROOT = build/Products;
			};
			name = Debug;
		};
		D4096F8A1A52FCED005C037A /* Release */ = {
			isa = XCBuildConfiguration;
			buildSettings = {
				CLANG_WARN_BOOL_CONVERSION = YES;
				CLANG_WARN_CONSTANT_CONVERSION = YES;
				CLANG_WARN_DIRECT_OBJC_ISA_USAGE = YES_ERROR;
				CLANG_WARN_EMPTY_BODY = YES;
				CLANG_WARN_ENUM_CONVERSION = YES;
				CLANG_WARN_INT_CONVERSION = YES;
				CLANG_WARN_OBJC_ROOT_CLASS = YES_ERROR;
				CLANG_WARN_UNREACHABLE_CODE = YES;
				CLANG_WARN__DUPLICATE_METHOD_MATCH = YES;
				COPY_PHASE_STRIP = YES;
				DEBUG_INFORMATION_FORMAT = "dwarf-with-dsym";
				ENABLE_NS_ASSERTIONS = NO;
				ENABLE_STRICT_OBJC_MSGSEND = YES;
				GCC_WARN_64_TO_32_BIT_CONVERSION = YES;
				GCC_WARN_ABOUT_RETURN_TYPE = YES_ERROR;
				GCC_WARN_UNDECLARED_SELECTOR = YES;
				GCC_WARN_UNINITIALIZED_AUTOS = YES_AGGRESSIVE;
				GCC_WARN_UNUSED_FUNCTION = YES;
				GCC_WARN_UNUSED_VARIABLE = YES;
				MACOSX_DEPLOYMENT_TARGET = 10.6;
				MTL_ENABLE_DEBUG_INFO = NO;
				SDKROOT = macosx10.6;
				SYMROOT = build/Products;
			};
			name = Release;
		};
		D4096F8C1A52FCED005C037A /* Debug */ = {
			isa = XCBuildConfiguration;
			buildSettings = {
				COMBINE_HIDPI_IMAGES = YES;
				CURRENT_PROJECT_VERSION = 1.0.0d1;
				INFOPLIST_FILE = FakePCIID/Info.plist;
				MODULE_NAME = org.rehabman.driver.FakePCIID;
				MODULE_VERSION = 1.0.0d1;
				PRODUCT_NAME = FakePCIID;
				SDKROOT = macosx10.9;
				WRAPPER_EXTENSION = kext;
			};
			name = Debug;
		};
		D4096F8D1A52FCED005C037A /* Release */ = {
			isa = XCBuildConfiguration;
			buildSettings = {
				COMBINE_HIDPI_IMAGES = YES;
				CURRENT_PROJECT_VERSION = 1.0.0d1;
				INFOPLIST_FILE = FakePCIID/Info.plist;
				MODULE_NAME = org.rehabman.driver.FakePCIID;
				MODULE_VERSION = 1.0.0d1;
				PRODUCT_NAME = FakePCIID;
				SDKROOT = macosx10.9;
				WRAPPER_EXTENSION = kext;
			};
			name = Release;
		};
/* End XCBuildConfiguration section */

/* Begin XCConfigurationList section */
		D4096F7A1A52FCEC005C037A /* Build configuration list for PBXProject "FakePCIID" */ = {
			isa = XCConfigurationList;
			buildConfigurations = (
				D4096F891A52FCED005C037A /* Debug */,
				D4096F8A1A52FCED005C037A /* Release */,
			);
			defaultConfigurationIsVisible = 0;
			defaultConfigurationName = Release;
		};
		D4096F8B1A52FCED005C037A /* Build configuration list for PBXNativeTarget "FakePCIID" */ = {
			isa = XCConfigurationList;
			buildConfigurations = (
				D4096F8C1A52FCED005C037A /* Debug */,
				D4096F8D1A52FCED005C037A /* Release */,
			);
			defaultConfigurationIsVisible = 0;
			defaultConfigurationName = Release;
		};
/* End XCConfigurationList section */
	};
	rootObject = D4096F771A52FCEC005C037A /* Project object */;
}
